
Microsoft Visual Studio Solution File, Format Version 12.00
# Visual Studio Version 17
VisualStudioVersion = 17.13.35818.85
MinimumVisualStudioVersion = 10.0.40219.1
Project("{FAE04EC0-301F-11D3-BF4B-00C04F79EFBC}") = "ProjeÖdevi", "ConsoleApp3\ProjeÖdevi.csproj", "{B6F4E801-B6A5-47E4-80F2-F1D7A2A58316}"
EndProject
Global
	GlobalSection(SolutionConfigurationPlatforms) = preSolution
		Debug|Any CPU = Debug|Any CPU
		Release|Any CPU = Release|Any CPU
	EndGlobalSection
	GlobalSection(ProjectConfigurationPlatforms) = postSolution
		{B6F4E801-B6A5-47E4-80F2-F1D7A2A58316}.Debug|Any CPU.ActiveCfg = Debug|Any CPU
		{B6F4E801-B6A5-47E4-80F2-F1D7A2A58316}.Debug|Any CPU.Build.0 = Debug|Any CPU
		{B6F4E801-B6A5-47E4-80F2-F1D7A2A58316}.Release|Any CPU.ActiveCfg = Release|Any CPU
		{B6F4E801-B6A5-47E4-80F2-F1D7A2A58316}.Release|Any CPU.Build.0 = Release|Any CPU
	EndGlobalSection
	GlobalSection(SolutionProperties) = preSolution
		HideSolutionNode = FALSE
	EndGlobalSection
	GlobalSection(ExtensibilityGlobals) = postSolution
		SolutionGuid = {8C3BD98C-0AF8-4CDB-BF77-84D744BAB7E8}
	EndGlobalSection
EndGlobal
